
Microsoft Visual Studio Solution File, Format Version 12.00
# Visual Studio 15
VisualStudioVersion = 15.0.28307.106
MinimumVisualStudioVersion = 10.0.40219.1
Project("{FAE04EC0-301F-11D3-BF4B-00C04F79EFBC}") = "UmbracoGivskud", "UmbracoGivskud\UmbracoGivskud.csproj", "{80476032-86AB-4812-9686-7D2F020406EB}"
EndProject
Global
	GlobalSection(SolutionConfigurationPlatforms) = preSolution
		Debug|Any CPU = Debug|Any CPU
		Release|Any CPU = Release|Any CPU
	EndGlobalSection
	GlobalSection(ProjectConfigurationPlatforms) = postSolution
		{80476032-86AB-4812-9686-7D2F020406EB}.Debug|Any CPU.ActiveCfg = Debug|Any CPU
		{80476032-86AB-4812-9686-7D2F020406EB}.Debug|Any CPU.Build.0 = Debug|Any CPU
		{80476032-86AB-4812-9686-7D2F020406EB}.Release|Any CPU.ActiveCfg = Release|Any CPU
		{80476032-86AB-4812-9686-7D2F020406EB}.Release|Any CPU.Build.0 = Release|Any CPU
	EndGlobalSection
	GlobalSection(SolutionProperties) = preSolution
		HideSolutionNode = FALSE
	EndGlobalSection
	GlobalSection(ExtensibilityGlobals) = postSolution
		SolutionGuid = {4F7593ED-2CC2-4211-B79D-B63481EC2E16}
	EndGlobalSection
EndGlobal
